// !$*UTF8*$!
{
	archiveVersion = 1;
	classes = {
	};
	objectVersion = 46;
	objects = {

/* Begin PBXBuildFile section */
		16D303A81B74854F0083CB2F /* AppDelegate.swift in Sources */ = {isa = PBXBuildFile; fileRef = 16D303A71B74854F0083CB2F /* AppDelegate.swift */; };
		16D303AA1B74854F0083CB2F /* ViewController.swift in Sources */ = {isa = PBXBuildFile; fileRef = 16D303A91B74854F0083CB2F /* ViewController.swift */; };
		16D303AD1B74854F0083CB2F /* Main.storyboard in Resources */ = {isa = PBXBuildFile; fileRef = 16D303AB1B74854F0083CB2F /* Main.storyboard */; };
		16D303AF1B74854F0083CB2F /* Images.xcassets in Resources */ = {isa = PBXBuildFile; fileRef = 16D303AE1B74854F0083CB2F /* Images.xcassets */; };
		16D303B21B74854F0083CB2F /* LaunchScreen.xib in Resources */ = {isa = PBXBuildFile; fileRef = 16D303B01B74854F0083CB2F /* LaunchScreen.xib */; };
		16D303BE1B7485500083CB2F /* flatFileHighScoreTests.swift in Sources */ = {isa = PBXBuildFile; fileRef = 16D303BD1B7485500083CB2F /* flatFileHighScoreTests.swift */; };
		16D303CA1B755D810083CB2F /* HighScores.plist in Resources */ = {isa = PBXBuildFile; fileRef = 16D303C91B755D810083CB2F /* HighScores.plist */; };
		16D303CC1B7583700083CB2F /* HighScoreViewController.swift in Sources */ = {isa = PBXBuildFile; fileRef = 16D303CB1B7583700083CB2F /* HighScoreViewController.swift */; };
/* End PBXBuildFile section */

/* Begin PBXContainerItemProxy section */
		16D303B81B7485500083CB2F /* PBXContainerItemProxy */ = {
			isa = PBXContainerItemProxy;
			containerPortal = 16D3039A1B74854F0083CB2F /* Project object */;
			proxyType = 1;
			remoteGlobalIDString = 16D303A11B74854F0083CB2F;
			remoteInfo = flatFileHighScore;
		};
/* End PBXContainerItemProxy section */

/* Begin PBXFileReference section */
		16D303A21B74854F0083CB2F /* flatFileHighScore.app */ = {isa = PBXFileReference; explicitFileType = wrapper.application; includeInIndex = 0; path = flatFileHighScore.app; sourceTree = BUILT_PRODUCTS_DIR; };
		16D303A61B74854F0083CB2F /* Info.plist */ = {isa = PBXFileReference; lastKnownFileType = text.plist.xml; path = Info.plist; sourceTree = "<group>"; };
		16D303A71B74854F0083CB2F /* AppDelegate.swift */ = {isa = PBXFileReference; lastKnownFileType = sourcecode.swift; path = AppDelegate.swift; sourceTree = "<group>"; };
		16D303A91B74854F0083CB2F /* ViewController.swift */ = {isa = PBXFileReference; lastKnownFileType = sourcecode.swift; path = ViewController.swift; sourceTree = "<group>"; };
		16D303AC1B74854F0083CB2F /* Base */ = {isa = PBXFileReference; lastKnownFileType = file.storyboard; name = Base; path = Base.lproj/Main.storyboard; sourceTree = "<group>"; };
		16D303AE1B74854F0083CB2F /* Images.xcassets */ = {isa = PBXFileReference; lastKnownFileType = folder.assetcatalog; path = Images.xcassets; sourceTree = "<group>"; };
		16D303B11B74854F0083CB2F /* Base */ = {isa = PBXFileReference; lastKnownFileType = file.xib; name = Base; path = Base.lproj/LaunchScreen.xib; sourceTree = "<group>"; };
		16D303B71B7485500083CB2F /* flatFileHighScoreTests.xctest */ = {isa = PBXFileReference; explicitFileType = wrapper.cfbundle; includeInIndex = 0; path = flatFileHighScoreTests.xctest; sourceTree = BUILT_PRODUCTS_DIR; };
		16D303BC1B7485500083CB2F /* Info.plist */ = {isa = PBXFileReference; lastKnownFileType = text.plist.xml; path = Info.plist; sourceTree = "<group>"; };
		16D303BD1B7485500083CB2F /* flatFileHighScoreTests.swift */ = {isa = PBXFileReference; lastKnownFileType = sourcecode.swift; path = flatFileHighScoreTests.swift; sourceTree = "<group>"; };
		16D303C91B755D810083CB2F /* HighScores.plist */ = {isa = PBXFileReference; fileEncoding = 4; lastKnownFileType = text.plist.xml; path = HighScores.plist; sourceTree = "<group>"; };
		16D303CB1B7583700083CB2F /* HighScoreViewController.swift */ = {isa = PBXFileReference; fileEncoding = 4; lastKnownFileType = sourcecode.swift; path = HighScoreViewController.swift; sourceTree = "<group>"; };
/* End PBXFileReference section */

/* Begin PBXFrameworksBuildPhase section */
		16D3039F1B74854F0083CB2F /* Frameworks */ = {
			isa = PBXFrameworksBuildPhase;
			buildActionMask = 2147483647;
			files = (
			);
			runOnlyForDeploymentPostprocessing = 0;
		};
		16D303B41B7485500083CB2F /* Frameworks */ = {
			isa = PBXFrameworksBuildPhase;
			buildActionMask = 2147483647;
			files = (
			);
			runOnlyForDeploymentPostprocessing = 0;
		};
/* End PBXFrameworksBuildPhase section */

/* Begin PBXGroup section */
		16D303991B74854F0083CB2F = {
			isa = PBXGroup;
			children = (
				16D303A41B74854F0083CB2F /* flatFileHighScore */,
				16D303BA1B7485500083CB2F /* flatFileHighScoreTests */,
				16D303A31B74854F0083CB2F /* Products */,
			);
			sourceTree = "<group>";
		};
		16D303A31B74854F0083CB2F /* Products */ = {
			isa = PBXGroup;
			children = (
				16D303A21B74854F0083CB2F /* flatFileHighScore.app */,
				16D303B71B7485500083CB2F /* flatFileHighScoreTests.xctest */,
			);
			name = Products;
			sourceTree = "<group>";
		};
		16D303A41B74854F0083CB2F /* flatFileHighScore */ = {
			isa = PBXGroup;
			children = (
				16D303A71B74854F0083CB2F /* AppDelegate.swift */,
				16D303A91B74854F0083CB2F /* ViewController.swift */,
				16D303AB1B74854F0083CB2F /* Main.storyboard */,
				16D303CB1B7583700083CB2F /* HighScoreViewController.swift */,
				16D303AE1B74854F0083CB2F /* Images.xcassets */,
				16D303B01B74854F0083CB2F /* LaunchScreen.xib */,
				16D303C91B755D810083CB2F /* HighScores.plist */,
				16D303A51B74854F0083CB2F /* Supporting Files */,
			);
			path = flatFileHighScore;
			sourceTree = "<group>";
		};
		16D303A51B74854F0083CB2F /* Supporting Files */ = {
			isa = PBXGroup;
			children = (
				16D303A61B74854F0083CB2F /* Info.plist */,
			);
			name = "Supporting Files";
			sourceTree = "<group>";
		};
		16D303BA1B7485500083CB2F /* flatFileHighScoreTests */ = {
			isa = PBXGroup;
			children = (
				16D303BD1B7485500083CB2F /* flatFileHighScoreTests.swift */,
				16D303BB1B7485500083CB2F /* Supporting Files */,
			);
			path = flatFileHighScoreTests;
			sourceTree = "<group>";
		};
		16D303BB1B7485500083CB2F /* Supporting Files */ = {
			isa = PBXGroup;
			children = (
				16D303BC1B7485500083CB2F /* Info.plist */,
			);
			name = "Supporting Files";
			sourceTree = "<group>";
		};
/* End PBXGroup section */

/* Begin PBXNativeTarget section */
		16D303A11B74854F0083CB2F /* flatFileHighScore */ = {
			isa = PBXNativeTarget;
			buildConfigurationList = 16D303C11B7485500083CB2F /* Build configuration list for PBXNativeTarget "flatFileHighScore" */;
			buildPhases = (
				16D3039E1B74854F0083CB2F /* Sources */,
				16D3039F1B74854F0083CB2F /* Frameworks */,
				16D303A01B74854F0083CB2F /* Resources */,
			);
			buildRules = (
			);
			dependencies = (
			);
			name = flatFileHighScore;
			productName = flatFileHighScore;
			productReference = 16D303A21B74854F0083CB2F /* flatFileHighScore.app */;
			productType = "com.apple.product-type.application";
		};
		16D303B61B7485500083CB2F /* flatFileHighScoreTests */ = {
			isa = PBXNativeTarget;
			buildConfigurationList = 16D303C41B7485500083CB2F /* Build configuration list for PBXNativeTarget "flatFileHighScoreTests" */;
			buildPhases = (
				16D303B31B7485500083CB2F /* Sources */,
				16D303B41B7485500083CB2F /* Frameworks */,
				16D303B51B7485500083CB2F /* Resources */,
			);
			buildRules = (
			);
			dependencies = (
				16D303B91B7485500083CB2F /* PBXTargetDependency */,
			);
			name = flatFileHighScoreTests;
			productName = flatFileHighScoreTests;
			productReference = 16D303B71B7485500083CB2F /* flatFileHighScoreTests.xctest */;
			productType = "com.apple.product-type.bundle.unit-test";
		};
/* End PBXNativeTarget section */

/* Begin PBXProject section */
		16D3039A1B74854F0083CB2F /* Project object */ = {
			isa = PBXProject;
			attributes = {
				LastUpgradeCheck = 0640;
				ORGANIZATIONNAME = RussellSchmidt.net;
				TargetAttributes = {
					16D303A11B74854F0083CB2F = {
						CreatedOnToolsVersion = 6.4;
					};
					16D303B61B7485500083CB2F = {
						CreatedOnToolsVersion = 6.4;
						TestTargetID = 16D303A11B74854F0083CB2F;
					};
				};
			};
			buildConfigurationList = 16D3039D1B74854F0083CB2F /* Build configuration list for PBXProject "flatFileHighScore" */;
			compatibilityVersion = "Xcode 3.2";
			developmentRegion = English;
			hasScannedForEncodings = 0;
			knownRegions = (
				en,
				Base,
			);
			mainGroup = 16D303991B74854F0083CB2F;
			productRefGroup = 16D303A31B74854F0083CB2F /* Products */;
			projectDirPath = "";
			projectRoot = "";
			targets = (
				16D303A11B74854F0083CB2F /* flatFileHighScore */,
				16D303B61B7485500083CB2F /* flatFileHighScoreTests */,
			);
		};
/* End PBXProject section */

/* Begin PBXResourcesBuildPhase section */
		16D303A01B74854F0083CB2F /* Resources */ = {
			isa = PBXResourcesBuildPhase;
			buildActionMask = 2147483647;
			files = (
				16D303AD1B74854F0083CB2F /* Main.storyboard in Resources */,
				16D303CA1B755D810083CB2F /* HighScores.plist in Resources */,
				16D303B21B74854F0083CB2F /* LaunchScreen.xib in Resources */,
				16D303AF1B74854F0083CB2F /* Images.xcassets in Resources */,
			);
			runOnlyForDeploymentPostprocessing = 0;
		};
		16D303B51B7485500083CB2F /* Resources */ = {
			isa = PBXResourcesBuildPhase;
			buildActionMask = 2147483647;
			files = (
			);
			runOnlyForDeploymentPostprocessing = 0;
		};
/* End PBXResourcesBuildPhase section */

/* Begin PBXSourcesBuildPhase section */
		16D3039E1B74854F0083CB2F /* Sources */ = {
			isa = PBXSourcesBuildPhase;
			buildActionMask = 2147483647;
			files = (
				16D303AA1B74854F0083CB2F /* ViewController.swift in Sources */,
				16D303CC1B7583700083CB2F /* HighScoreViewController.swift in Sources */,
				16D303A81B74854F0083CB2F /* AppDelegate.swift in Sources */,
			);
			runOnlyForDeploymentPostprocessing = 0;
		};
		16D303B31B7485500083CB2F /* Sources */ = {
			isa = PBXSourcesBuildPhase;
			buildActionMask = 2147483647;
			files = (
				16D303BE1B7485500083CB2F /* flatFileHighScoreTests.swift in Sources */,
			);
			runOnlyForDeploymentPostprocessing = 0;
		};
/* End PBXSourcesBuildPhase section */

/* Begin PBXTargetDependency section */
		16D303B91B7485500083CB2F /* PBXTargetDependency */ = {
			isa = PBXTargetDependency;
			target = 16D303A11B74854F0083CB2F /* flatFileHighScore */;
			targetProxy = 16D303B81B7485500083CB2F /* PBXContainerItemProxy */;
		};
/* End PBXTargetDependency section */

/* Begin PBXVariantGroup section */
		16D303AB1B74854F0083CB2F /* Main.storyboard */ = {
			isa = PBXVariantGroup;
			children = (
				16D303AC1B74854F0083CB2F /* Base */,
			);
			name = Main.storyboard;
			sourceTree = "<group>";
		};
		16D303B01B74854F0083CB2F /* LaunchScreen.xib */ = {
			isa = PBXVariantGroup;
			children = (
				16D303B11B74854F0083CB2F /* Base */,
			);
			name = LaunchScreen.xib;
			sourceTree = "<group>";
		};
/* End PBXVariantGroup section */

/* Begin XCBuildConfiguration section */
		16D303BF1B7485500083CB2F /* Debug */ = {
			isa = XCBuildConfiguration;
			buildSettings = {
				ALWAYS_SEARCH_USER_PATHS = NO;
				CLANG_CXX_LANGUAGE_STANDARD = "gnu++0x";
				CLANG_CXX_LIBRARY = "libc++";
				CLANG_ENABLE_MODULES = YES;
				CLANG_ENABLE_OBJC_ARC = YES;
				CLANG_WARN_BOOL_CONVERSION = YES;
				CLANG_WARN_CONSTANT_CONVERSION = YES;
				CLANG_WARN_DIRECT_OBJC_ISA_USAGE = YES_ERROR;
				CLANG_WARN_EMPTY_BODY = YES;
				CLANG_WARN_ENUM_CONVERSION = YES;
				CLANG_WARN_INT_CONVERSION = YES;
				CLANG_WARN_OBJC_ROOT_CLASS = YES_ERROR;
				CLANG_WARN_UNREACHABLE_CODE = YES;
				CLANG_WARN__DUPLICATE_METHOD_MATCH = YES;
				"CODE_SIGN_IDENTITY[sdk=iphoneos*]" = "iPhone Developer";
				COPY_PHASE_STRIP = NO;
				DEBUG_INFORMATION_FORMAT = "dwarf-with-dsym";
				ENABLE_STRICT_OBJC_MSGSEND = YES;
				GCC_C_LANGUAGE_STANDARD = gnu99;
				GCC_DYNAMIC_NO_PIC = NO;
				GCC_NO_COMMON_BLOCKS = YES;
				GCC_OPTIMIZATION_LEVEL = 0;
				GCC_PREPROCESSOR_DEFINITIONS = (
					"DEBUG=1",
					"$(inherited)",
				);
				GCC_SYMBOLS_PRIVATE_EXTERN = NO;
				GCC_WARN_64_TO_32_BIT_CONVERSION = YES;
				GCC_WARN_ABOUT_RETURN_TYPE = YES_ERROR;
				GCC_WARN_UNDECLARED_SELECTOR = YES;
				GCC_WARN_UNINITIALIZED_AUTOS = YES_AGGRESSIVE;
				GCC_WARN_UNUSED_FUNCTION = YES;
				GCC_WARN_UNUSED_VARIABLE = YES;
				IPHONEOS_DEPLOYMENT_TARGET = 8.4;
				MTL_ENABLE_DEBUG_INFO = YES;
				ONLY_ACTIVE_ARCH = YES;
				SDKROOT = iphoneos;
				SWIFT_OPTIMIZATION_LEVEL = "-Onone";
				TARGETED_DEVICE_FAMILY = "1,2";
			};
			name = Debug;
		};
		16D303C01B7485500083CB2F /* Release */ = {
			isa = XCBuildConfiguration;
			buildSettings = {
				ALWAYS_SEARCH_USER_PATHS = NO;
				CLANG_CXX_LANGUAGE_STANDARD = "gnu++0x";
				CLANG_CXX_LIBRARY = "libc++";
				CLANG_ENABLE_MODULES = YES;
				CLANG_ENABLE_OBJC_ARC = YES;
				CLANG_WARN_BOOL_CONVERSION = YES;
				CLANG_WARN_CONSTANT_CONVERSION = YES;
				CLANG_WARN_DIRECT_OBJC_ISA_USAGE = YES_ERROR;
				CLANG_WARN_EMPTY_BODY = YES;
				CLANG_WARN_ENUM_CONVERSION = YES;
				CLANG_WARN_INT_CONVERSION = YES;
				CLANG_WARN_OBJC_ROOT_CLASS = YES_ERROR;
				CLANG_WARN_UNREACHABLE_CODE = YES;
				CLANG_WARN__DUPLICATE_METHOD_MATCH = YES;
				"CODE_SIGN_IDENTITY[sdk=iphoneos*]" = "iPhone Developer";
				COPY_PHASE_STRIP = NO;
				DEBUG_INFORMATION_FORMAT = "dwarf-with-dsym";
				ENABLE_NS_ASSERTIONS = NO;
				ENABLE_STRICT_OBJC_MSGSEND = YES;
				GCC_C_LANGUAGE_STANDARD = gnu99;
				GCC_NO_COMMON_BLOCKS = YES;
				GCC_WARN_64_TO_32_BIT_CONVERSION = YES;
				GCC_WARN_ABOUT_RETURN_TYPE = YES_ERROR;
				GCC_WARN_UNDECLARED_SELECTOR = YES;
				GCC_WARN_UNINITIALIZED_AUTOS = YES_AGGRESSIVE;
				GCC_WARN_UNUSED_FUNCTION = YES;
				GCC_WARN_UNUSED_VARIABLE = YES;
				IPHONEOS_DEPLOYMENT_TARGET = 8.4;
				MTL_ENABLE_DEBUG_INFO = NO;
				SDKROOT = iphoneos;
				TARGETED_DEVICE_FAMILY = "1,2";
				VALIDATE_PRODUCT = YES;
			};
			name = Release;
		};
		16D303C21B7485500083CB2F /* Debug */ = {
			isa = XCBuildConfiguration;
			buildSettings = {
				ASSETCATALOG_COMPILER_APPICON_NAME = AppIcon;
				INFOPLIST_FILE = flatFileHighScore/Info.plist;
				LD_RUNPATH_SEARCH_PATHS = "$(inherited) @executable_path/Frameworks";
				PRODUCT_NAME = "$(TARGET_NAME)";
			};
			name = Debug;
		};
		16D303C31B7485500083CB2F /* Release */ = {
			isa = XCBuildConfiguration;
			buildSettings = {
				ASSETCATALOG_COMPILER_APPICON_NAME = AppIcon;
				INFOPLIST_FILE = flatFileHighScore/Info.plist;
				LD_RUNPATH_SEARCH_PATHS = "$(inherited) @executable_path/Frameworks";
				PRODUCT_NAME = "$(TARGET_NAME)";
			};
			name = Release;
		};
		16D303C51B7485500083CB2F /* Debug */ = {
			isa = XCBuildConfiguration;
			buildSettings = {
				BUNDLE_LOADER = "$(TEST_HOST)";
				FRAMEWORK_SEARCH_PATHS = (
					"$(SDKROOT)/Developer/Library/Frameworks",
					"$(inherited)",
				);
				GCC_PREPROCESSOR_DEFINITIONS = (
					"DEBUG=1",
					"$(inherited)",
				);
				INFOPLIST_FILE = flatFileHighScoreTests/Info.plist;
				LD_RUNPATH_SEARCH_PATHS = "$(inherited) @executable_path/Frameworks @loader_path/Frameworks";
				PRODUCT_NAME = "$(TARGET_NAME)";
				TEST_HOST = "$(BUILT_PRODUCTS_DIR)/flatFileHighScore.app/flatFileHighScore";
			};
			name = Debug;
		};
		16D303C61B7485500083CB2F /* Release */ = {
			isa = XCBuildConfiguration;
			buildSettings = {
				BUNDLE_LOADER = "$(TEST_HOST)";
				FRAMEWORK_SEARCH_PATHS = (
					"$(SDKROOT)/Developer/Library/Frameworks",
					"$(inherited)",
				);
				INFOPLIST_FILE = flatFileHighScoreTests/Info.plist;
				LD_RUNPATH_SEARCH_PATHS = "$(inherited) @executable_path/Frameworks @loader_path/Frameworks";
				PRODUCT_NAME = "$(TARGET_NAME)";
				TEST_HOST = "$(BUILT_PRODUCTS_DIR)/flatFileHighScore.app/flatFileHighScore";
			};
			name = Release;
		};
/* End XCBuildConfiguration section */

/* Begin XCConfigurationList section */
		16D3039D1B74854F0083CB2F /* Build configuration list for PBXProject "flatFileHighScore" */ = {
			isa = XCConfigurationList;
			buildConfigurations = (
				16D303BF1B7485500083CB2F /* Debug */,
				16D303C01B7485500083CB2F /* Release */,
			);
			defaultConfigurationIsVisible = 0;
			defaultConfigurationName = Release;
		};
		16D303C11B7485500083CB2F /* Build configuration list for PBXNativeTarget "flatFileHighScore" */ = {
			isa = XCConfigurationList;
			buildConfigurations = (
				16D303C21B7485500083CB2F /* Debug */,
				16D303C31B7485500083CB2F /* Release */,
			);
			defaultConfigurationIsVisible = 0;
		};
		16D303C41B7485500083CB2F /* Build configuration list for PBXNativeTarget "flatFileHighScoreTests" */ = {
			isa = XCConfigurationList;
			buildConfigurations = (
				16D303C51B7485500083CB2F /* Debug */,
				16D303C61B7485500083CB2F /* Release */,
			);
			defaultConfigurationIsVisible = 0;
		};
/* End XCConfigurationList section */
	};
	rootObject = 16D3039A1B74854F0083CB2F /* Project object */;
}
